{
  "object": {
    "pins": [
      {
        "package": "async-http-client",
        "repositoryURL": "https://github.com/swift-server/async-http-client.git",
        "state": {
          "branch": null,
          "revision": "cbf533073d9a5edfb16c266d14151f69137ba7c9",
          "version": "1.8.2"
        }
      },
      {
        "package": "combine-schedulers",
        "repositoryURL": "https://github.com/pointfreeco/combine-schedulers",
        "state": {
          "branch": null,
          "revision": "0ba3a562716efabb585ccb169450c5389107286b",
          "version": "0.6.0"
        }
      },
      {
        "package": "CombineContacts",
        "repositoryURL": "https://github.com/AddaMeSPB/CombineContacts.git",
        "state": {
          "branch": null,
          "revision": "2c42eee66390207f96e03b333d0c84688778aee7",
          "version": "1.0.0"
        }
      },
      {
        "package": "composable-core-location",
        "repositoryURL": "https://github.com/pointfreeco/composable-core-location.git",
        "state": {
          "branch": "main",
          "revision": "42bb4d67b9afe88dc67ac0512f1bd98aebc7c79a",
          "version": null
        }
      },
      {
        "package": "HTTPRequestKit",
        "repositoryURL": "https://github.com/AddaMeSPB/HTTPRequestKit.git",
        "state": {
          "branch": null,
          "revision": "d2e387fe13eb3e9dd551f5530aa549284517e5c6",
          "version": "3.0.0"
        }
      },
      {
        "package": "jmespath.swift",
        "repositoryURL": "https://github.com/adam-fowler/jmespath.swift.git",
        "state": {
          "branch": null,
          "revision": "4a166ea71f0d9e9cc3523fc3dee516080a4c36a0",
          "version": "1.0.0"
        }
      },
      {
        "package": "PhoneNumberKit",
        "repositoryURL": "https://github.com/marmelroy/PhoneNumberKit",
        "state": {
          "branch": null,
          "revision": "1ef0431b971f69c48ca5eb4cdba07f2c5da54c35",
          "version": "3.3.3"
        }
      },
      {
        "package": "soto",
        "repositoryURL": "https://github.com/soto-project/soto.git",
        "state": {
          "branch": null,
          "revision": "3648a7fcbaa1ac06b6ab2b4b227d521ed065e780",
          "version": "5.13.1"
        }
      },
      {
        "package": "soto-core",
        "repositoryURL": "https://github.com/soto-project/soto-core.git",
        "state": {
          "branch": null,
          "revision": "3079d17f2576cff5f2a3f68865629af455c673d1",
          "version": "5.9.3"
        }
      },
      {
        "package": "swift-case-paths",
        "repositoryURL": "https://github.com/pointfreeco/swift-case-paths",
        "state": {
          "branch": null,
          "revision": "ce9c0d897db8a840c39de64caaa9b60119cf4be8",
          "version": "0.8.1"
        }
      },
      {
        "package": "swift-collections",
        "repositoryURL": "https://github.com/apple/swift-collections",
        "state": {
          "branch": null,
          "revision": "48254824bb4248676bf7ce56014ff57b142b77eb",
          "version": "1.0.2"
        }
      },
      {
        "package": "swift-composable-architecture",
        "repositoryURL": "https://github.com/pointfreeco/swift-composable-architecture.git",
        "state": {
          "branch": null,
          "revision": "d0ba4b87358a11d5be26d125ef3d3d492a07d8cf",
          "version": "0.38.2"
        }
      },
      {
        "package": "swift-composable-presentation",
        "repositoryURL": "https://github.com/darrarski/swift-composable-presentation.git",
        "state": {
          "branch": null,
          "revision": "e48fc5d8c4e3360c2f8fd579cbf38e49dbee34a5",
          "version": "0.3.0"
        }
      },
      {
        "package": "swift-custom-dump",
        "repositoryURL": "https://github.com/pointfreeco/swift-custom-dump",
        "state": {
          "branch": null,
          "revision": "c4f78db9b90ca57b7b6abc2223e235242739ea3c",
          "version": "0.4.0"
        }
      },
      {
        "package": "swift-identified-collections",
        "repositoryURL": "https://github.com/pointfreeco/swift-identified-collections",
        "state": {
          "branch": null,
          "revision": "2d6b7ffcc67afd9077fac5e5a29bcd6d39b71076",
          "version": "0.4.0"
        }
      },
      {
        "package": "swift-log",
        "repositoryURL": "https://github.com/apple/swift-log.git",
        "state": {
          "branch": null,
          "revision": "5d66f7ba25daf4f94100e7022febf3c75e37a6c7",
          "version": "1.4.2"
        }
      },
      {
        "package": "swift-metrics",
        "repositoryURL": "https://github.com/apple/swift-metrics.git",
        "state": {
          "branch": null,
          "revision": "3edd2f57afc4e68e23c3e4956bc8b65ca6b5b2ff",
          "version": "2.2.0"
        }
      },
      {
        "package": "swift-nio",
        "repositoryURL": "https://github.com/apple/swift-nio.git",
        "state": {
          "branch": null,
          "revision": "124119f0bb12384cef35aa041d7c3a686108722d",
          "version": "2.40.0"
        }
      },
      {
        "package": "swift-nio-extras",
        "repositoryURL": "https://github.com/apple/swift-nio-extras.git",
        "state": {
          "branch": null,
          "revision": "f73ca5ee9c6806800243f1ac415fcf82de9a4c91",
          "version": "1.10.2"
        }
      },
      {
        "package": "swift-nio-http2",
        "repositoryURL": "https://github.com/apple/swift-nio-http2.git",
        "state": {
          "branch": null,
          "revision": "72bcaf607b40d7c51044f65b0f5ed8581a911832",
          "version": "1.21.0"
        }
      },
      {
        "package": "swift-nio-ssl",
        "repositoryURL": "https://github.com/apple/swift-nio-ssl.git",
        "state": {
          "branch": null,
          "revision": "5e68c1ded15619bb281b273fa8c2d8fd7f7b2b7d",
          "version": "2.16.1"
        }
      },
      {
        "package": "swift-nio-transport-services",
        "repositoryURL": "https://github.com/apple/swift-nio-transport-services.git",
        "state": {
          "branch": null,
          "revision": "e7f5278a26442dc46783ba7e063643d524e414a0",
          "version": "1.11.3"
        }
      },
      {
        "package": "xctest-dynamic-overlay",
        "repositoryURL": "https://github.com/pointfreeco/xctest-dynamic-overlay",
        "state": {
          "branch": null,
          "revision": "8816142e27f1127d87c61cee4a0a5db93e9df7c4",
          "version": "0.3.1"
        }
      }
    ]
  },
  "version": 1
}
