{
  "object": {
    "pins": [
      {
        "package": "AddaSharedModels",
        "repositoryURL": "https://github.com/AddaMeSPB/adda-shared-models",
        "state": {
          "branch": "route",
          "revision": "dadc9134fcac3830b93c6f1bf46323629f9520a9",
          "version": null
        }
      },
      {
        "package": "async-http-client",
        "repositoryURL": "https://github.com/swift-server/async-http-client.git",
        "state": {
          "branch": null,
          "revision": "fc510a39cff61b849bf5cdff17eb2bd6d0777b49",
          "version": "1.11.5"
        }
      },
      {
        "package": "async-kit",
        "repositoryURL": "https://github.com/vapor/async-kit.git",
        "state": {
          "branch": null,
          "revision": "c3329e444bafbb12d1d312af9191be95348a8175",
          "version": "1.13.0"
        }
      },
      {
        "package": "BSON",
        "repositoryURL": "https://github.com/OpenKitten/BSON.git",
        "state": {
          "branch": null,
          "revision": "40956d97c36aa166b8baea5add897864e1568a78",
          "version": "7.0.29"
        }
      },
      {
        "package": "combine-schedulers",
        "repositoryURL": "https://github.com/pointfreeco/combine-schedulers",
        "state": {
          "branch": null,
          "revision": "aa3e575929f2bcc5bad012bd2575eae716cbcdf7",
          "version": "0.8.0"
        }
      },
      {
        "package": "CombineContacts",
        "repositoryURL": "https://github.com/AddaMeSPB/CombineContacts.git",
        "state": {
          "branch": "async",
          "revision": "7550bedad87bbc089798b2d757e15b3c6b27d2b0",
          "version": null
        }
      },
      {
        "package": "composable-core-location",
        "repositoryURL": "https://github.com/pointfreeco/composable-core-location.git",
        "state": {
          "branch": "main",
          "revision": "5e2a5a081a1ba25596bbb003adac8a4ad3aa2d37",
          "version": null
        }
      },
      {
        "package": "console-kit",
        "repositoryURL": "https://github.com/vapor/console-kit.git",
        "state": {
          "branch": null,
          "revision": "a7e67a1719933318b5ab7eaaed355cde020465b1",
          "version": "4.5.0"
        }
      },
      {
        "package": "fluent",
        "repositoryURL": "https://github.com/vapor/fluent.git",
        "state": {
          "branch": null,
          "revision": "26c446002f03c5ab34b20d86873014ef3d92d0da",
          "version": "4.5.0"
        }
      },
      {
        "package": "fluent-kit",
        "repositoryURL": "https://github.com/vapor/fluent-kit.git",
        "state": {
          "branch": null,
          "revision": "38670d2eefcba27530272946d627ac8d4e45f017",
          "version": "1.35.1"
        }
      },
      {
        "package": "fluent-mongo-driver",
        "repositoryURL": "https://github.com/vapor/fluent-mongo-driver.git",
        "state": {
          "branch": null,
          "revision": "e96cf416e4a224cf9f104c930abaa8b69fb4d8cd",
          "version": "1.1.2"
        }
      },
      {
        "package": "HTTPRequestKit",
        "repositoryURL": "https://github.com/AddaMeSPB/HTTPRequestKit.git",
        "state": {
          "branch": null,
          "revision": "d2e387fe13eb3e9dd551f5530aa549284517e5c6",
          "version": "3.0.0"
        }
      },
      {
        "package": "jmespath.swift",
        "repositoryURL": "https://github.com/adam-fowler/jmespath.swift.git",
        "state": {
          "branch": null,
          "revision": "4513d319c4aaa6c3b2ac18e1e6566a803515ad91",
          "version": "1.0.2"
        }
      },
      {
        "package": "jwt",
        "repositoryURL": "https://github.com/vapor/jwt.git",
        "state": {
          "branch": null,
          "revision": "506d238a707c0e7c1d2cf690863902eaf3bc4e94",
          "version": "4.2.1"
        }
      },
      {
        "package": "jwt-kit",
        "repositoryURL": "https://github.com/vapor/jwt-kit.git",
        "state": {
          "branch": null,
          "revision": "87ce13a1df913ba4d51cf00606df7ef24d455571",
          "version": "4.7.0"
        }
      },
      {
        "package": "MongoKitten",
        "repositoryURL": "https://github.com/OpenKitten/MongoKitten.git",
        "state": {
          "branch": null,
          "revision": "f2d245e50143e9d940566dd2d20914c040f34b9f",
          "version": "6.7.6"
        }
      },
      {
        "package": "multipart-kit",
        "repositoryURL": "https://github.com/vapor/multipart-kit.git",
        "state": {
          "branch": null,
          "revision": "0d55c35e788451ee27222783c7d363cb88092fab",
          "version": "4.5.2"
        }
      },
      {
        "package": "DNSClient",
        "repositoryURL": "https://github.com/OpenKitten/NioDNS.git",
        "state": {
          "branch": null,
          "revision": "5d1c701127f1d399cfb27c38aeb40bfde40df004",
          "version": "2.1.1"
        }
      },
      {
        "package": "PhoneNumberKit",
        "repositoryURL": "https://github.com/marmelroy/PhoneNumberKit",
        "state": {
          "branch": null,
          "revision": "449c80b4c539cfd439a4efddd4c920bf0368bb1c",
          "version": "3.4.9"
        }
      },
      {
        "package": "routing-kit",
        "repositoryURL": "https://github.com/vapor/routing-kit.git",
        "state": {
          "branch": null,
          "revision": "ffac7b3a127ce1e85fb232f1a6271164628809ad",
          "version": "4.6.0"
        }
      },
      {
        "package": "soto",
        "repositoryURL": "https://github.com/soto-project/soto.git",
        "state": {
          "branch": null,
          "revision": "3648a7fcbaa1ac06b6ab2b4b227d521ed065e780",
          "version": "5.13.1"
        }
      },
      {
        "package": "soto-core",
        "repositoryURL": "https://github.com/soto-project/soto-core.git",
        "state": {
          "branch": null,
          "revision": "3079d17f2576cff5f2a3f68865629af455c673d1",
          "version": "5.9.3"
        }
      },
      {
        "package": "sql-kit",
        "repositoryURL": "https://github.com/vapor/sql-kit.git",
        "state": {
          "branch": null,
          "revision": "3c5413a229bc2abc962dab17ea66d25e448ad344",
          "version": "3.21.0"
        }
      },
      {
        "package": "swift-algorithms",
        "repositoryURL": "https://github.com/apple/swift-algorithms.git",
        "state": {
          "branch": null,
          "revision": "b14b7f4c528c942f121c8b860b9410b2bf57825e",
          "version": "1.0.0"
        }
      },
      {
        "package": "swift-atomics",
        "repositoryURL": "https://github.com/apple/swift-atomics.git",
        "state": {
          "branch": null,
          "revision": "919eb1d83e02121cdb434c7bfc1f0c66ef17febe",
          "version": "1.0.2"
        }
      },
      {
        "package": "swift-backtrace",
        "repositoryURL": "https://github.com/swift-server/swift-backtrace.git",
        "state": {
          "branch": null,
          "revision": "f25620d5d05e2f1ba27154b40cafea2b67566956",
          "version": "1.3.3"
        }
      },
      {
        "package": "swift-case-paths",
        "repositoryURL": "https://github.com/pointfreeco/swift-case-paths",
        "state": {
          "branch": null,
          "revision": "7346701ea29da0a85d4403cf3d7a589a58ae3dee",
          "version": "0.9.2"
        }
      },
      {
        "package": "swift-collections",
        "repositoryURL": "https://github.com/apple/swift-collections",
        "state": {
          "branch": null,
          "revision": "f504716c27d2e5d4144fa4794b12129301d17729",
          "version": "1.0.3"
        }
      },
      {
        "package": "swift-composable-architecture",
        "repositoryURL": "https://github.com/pointfreeco/swift-composable-architecture.git",
        "state": {
          "branch": null,
          "revision": "9ea8c763061287052a68d5e6723fed45e898b7d9",
          "version": "0.40.2"
        }
      },
      {
        "package": "swift-composable-presentation",
        "repositoryURL": "https://github.com/saroar/swift-composable-presentation.git",
        "state": {
          "branch": "foundation",
          "revision": "a5361bfe9babcec2c13a738c028129ae5a0be9cd",
          "version": null
        }
      },
      {
        "package": "swift-crypto",
        "repositoryURL": "https://github.com/apple/swift-crypto.git",
        "state": {
          "branch": null,
          "revision": "d9825fa541df64b1a7b182178d61b9a82730d01f",
          "version": "2.1.0"
        }
      },
      {
        "package": "swift-custom-dump",
        "repositoryURL": "https://github.com/pointfreeco/swift-custom-dump",
        "state": {
          "branch": null,
          "revision": "c9b6b940d95c0a925c63f6858943415714d8a981",
          "version": "0.5.2"
        }
      },
      {
        "package": "swift-identified-collections",
        "repositoryURL": "https://github.com/pointfreeco/swift-identified-collections",
        "state": {
          "branch": null,
          "revision": "bfb0d43e75a15b6dfac770bf33479e8393884a36",
          "version": "0.4.1"
        }
      },
      {
        "package": "swift-log",
        "repositoryURL": "https://github.com/apple/swift-log.git",
        "state": {
          "branch": null,
          "revision": "6fe203dc33195667ce1759bf0182975e4653ba1c",
          "version": "1.4.4"
        }
      },
      {
        "package": "swift-metrics",
        "repositoryURL": "https://github.com/apple/swift-metrics.git",
        "state": {
          "branch": null,
          "revision": "53be78637ecd165d1ddedc4e20de69b8f43ec3b7",
          "version": "2.3.2"
        }
      },
      {
        "package": "swift-nio",
        "repositoryURL": "https://github.com/apple/swift-nio.git",
        "state": {
          "branch": null,
          "revision": "b4e0a274f7f34210e97e2f2c50ab02a10b549250",
          "version": "2.41.1"
        }
      },
      {
        "package": "swift-nio-extras",
        "repositoryURL": "https://github.com/apple/swift-nio-extras.git",
        "state": {
          "branch": null,
          "revision": "5334d949febb396a4e2e5235e9fbcd9c3c014bb3",
          "version": "1.13.0"
        }
      },
      {
        "package": "swift-nio-http2",
        "repositoryURL": "https://github.com/apple/swift-nio-http2.git",
        "state": {
          "branch": null,
          "revision": "f9ab1c94c80d568efd762d2a638f25162691d766",
          "version": "1.22.1"
        }
      },
      {
        "package": "swift-nio-ssl",
        "repositoryURL": "https://github.com/apple/swift-nio-ssl.git",
        "state": {
          "branch": null,
          "revision": "ba7c0d7f82affc518147ea61d240330bf7f7ea9b",
          "version": "2.22.1"
        }
      },
      {
        "package": "swift-nio-transport-services",
        "repositoryURL": "https://github.com/apple/swift-nio-transport-services.git",
        "state": {
          "branch": null,
          "revision": "4e02d9cf35cabfb538c96613272fb027dd0c8692",
          "version": "1.13.1"
        }
      },
      {
        "package": "swift-numerics",
        "repositoryURL": "https://github.com/apple/swift-numerics",
        "state": {
          "branch": null,
          "revision": "0a5bc04095a675662cf24757cc0640aa2204253b",
          "version": "1.0.2"
        }
      },
      {
        "package": "swift-parsing",
        "repositoryURL": "https://github.com/pointfreeco/swift-parsing",
        "state": {
          "branch": null,
          "revision": "bc92e84968990b41640214b636667f35b6e5d44c",
          "version": "0.10.0"
        }
      },
      {
        "package": "swift-url-routing",
        "repositoryURL": "https://github.com/pointfreeco/swift-url-routing.git",
        "state": {
          "branch": null,
          "revision": "5bf79bb370015e43842a61d558a9ee053171124e",
          "version": "0.3.0"
        }
      },
      {
        "package": "vapor",
        "repositoryURL": "https://github.com/vapor/vapor.git",
        "state": {
          "branch": null,
          "revision": "dda0de537e7906414dccd551e77095be1e34e3da",
          "version": "4.65.2"
        }
      },
      {
        "package": "vapor-routing",
        "repositoryURL": "https://github.com/pointfreeco/vapor-routing.git",
        "state": {
          "branch": null,
          "revision": "f07b4d7618bf48b450ed11c9f85b74ba8b9bae6c",
          "version": "0.1.1"
        }
      },
      {
        "package": "websocket-kit",
        "repositoryURL": "https://github.com/vapor/websocket-kit.git",
        "state": {
          "branch": null,
          "revision": "2d9d2188a08eef4a869d368daab21b3c08510991",
          "version": "2.6.1"
        }
      },
      {
        "package": "xctest-dynamic-overlay",
        "repositoryURL": "https://github.com/pointfreeco/xctest-dynamic-overlay",
        "state": {
          "branch": null,
          "revision": "30314f1ece684dd60679d598a9b89107557b67d9",
          "version": "0.4.1"
        }
      }
    ]
  },
  "version": 1
}
