{
  "object": {
    "pins": [
      {
        "package": "AWSSDKSwift",
        "repositoryURL": "https://github.com/swift-aws/aws-sdk-swift.git",
        "state": {
          "branch": null,
          "revision": "b402b8a434ca39f24d189289ab93fbee96664502",
          "version": "4.9.0"
        }
      },
      {
        "package": "combine-schedulers",
        "repositoryURL": "https://github.com/pointfreeco/combine-schedulers",
        "state": {
          "branch": null,
          "revision": "6bde3b0063ba8e7537b43744948535ca7e9e0dad",
          "version": "0.5.2"
        }
      },
      {
        "package": "CombineContacts",
        "repositoryURL": "https://github.com/AddaMeSPB/CombineContacts.git",
        "state": {
          "branch": null,
          "revision": "2c42eee66390207f96e03b333d0c84688778aee7",
          "version": "1.0.0"
        }
      },
      {
        "package": "composable-core-location",
        "repositoryURL": "https://github.com/pointfreeco/composable-core-location",
        "state": {
          "branch": null,
          "revision": "ad0b25210c1daef738f2565c4308765123fa248f",
          "version": "0.1.0"
        }
      },
      {
        "package": "HttpRequest",
        "repositoryURL": "https://github.com/AddaMeSPB/HttpRequest.git",
        "state": {
          "branch": null,
          "revision": "8f93450f1113a697be54ffe6a071b9fd2bf90b95",
          "version": "2.2.0"
        }
      },
      {
        "package": "HypertextApplicationLanguage",
        "repositoryURL": "https://github.com/swift-aws/HypertextApplicationLanguage.git",
        "state": {
          "branch": null,
          "revision": "aa2c9141d491682f17b2310aed17b9adfc006256",
          "version": "1.1.1"
        }
      },
      {
        "package": "INIParser",
        "repositoryURL": "https://github.com/swift-aws/Perfect-INIParser.git",
        "state": {
          "branch": null,
          "revision": "42de0efc7a01105e19b80d533d3d282a98277f6c",
          "version": "3.0.3"
        }
      },
      {
        "package": "PhoneNumberKit",
        "repositoryURL": "https://github.com/marmelroy/PhoneNumberKit",
        "state": {
          "branch": null,
          "revision": "1ef0431b971f69c48ca5eb4cdba07f2c5da54c35",
          "version": "3.3.3"
        }
      },
      {
        "package": "AWSSDKSwiftCore",
        "repositoryURL": "https://github.com/soto-project/soto-core.git",
        "state": {
          "branch": null,
          "revision": "856a7df0c15763de4f9f3e3d7baea4a8aa009d22",
          "version": "4.7.2"
        }
      },
      {
        "package": "swift-case-paths",
        "repositoryURL": "https://github.com/pointfreeco/swift-case-paths",
        "state": {
          "branch": null,
          "revision": "d226d167bd4a68b51e352af5655c92bce8ee0463",
          "version": "0.7.0"
        }
      },
      {
        "package": "swift-collections",
        "repositoryURL": "https://github.com/apple/swift-collections",
        "state": {
          "branch": null,
          "revision": "9d8719c8bebdc79740b6969c912ac706eb721d7a",
          "version": "0.0.7"
        }
      },
      {
        "package": "swift-composable-architecture",
        "repositoryURL": "https://github.com/pointfreeco/swift-composable-architecture.git",
        "state": {
          "branch": null,
          "revision": "60dc8067185b3e1fb29237f5a4548bff005b0fec",
          "version": "0.26.0"
        }
      },
      {
        "package": "swift-custom-dump",
        "repositoryURL": "https://github.com/pointfreeco/swift-custom-dump",
        "state": {
          "branch": null,
          "revision": "8655495733d8c712db8d9078f47d17f3555db79f",
          "version": "0.1.2"
        }
      },
      {
        "package": "swift-identified-collections",
        "repositoryURL": "https://github.com/pointfreeco/swift-identified-collections",
        "state": {
          "branch": null,
          "revision": "04502c882077cd838d380d05b127db9a6e48d8da",
          "version": "0.2.0"
        }
      },
      {
        "package": "swift-nio",
        "repositoryURL": "https://github.com/apple/swift-nio.git",
        "state": {
          "branch": null,
          "revision": "94f41c4121a82fae5c7b1cb03e630e9f9e5e20f1",
          "version": "2.32.1"
        }
      },
      {
        "package": "swift-nio-ssl",
        "repositoryURL": "https://github.com/apple/swift-nio-ssl.git",
        "state": {
          "branch": null,
          "revision": "4829979d9f5ed9a2f4c6efd9c1ed51d1ab4d0394",
          "version": "2.14.1"
        }
      },
      {
        "package": "swift-nio-transport-services",
        "repositoryURL": "https://github.com/apple/swift-nio-transport-services.git",
        "state": {
          "branch": null,
          "revision": "9571a61d236c5253b6a255a2d13fac536a1e2625",
          "version": "1.11.2"
        }
      },
      {
        "package": "xctest-dynamic-overlay",
        "repositoryURL": "https://github.com/pointfreeco/xctest-dynamic-overlay",
        "state": {
          "branch": null,
          "revision": "50a70a9d3583fe228ce672e8923010c8df2deddd",
          "version": "0.2.1"
        }
      }
    ]
  },
  "version": 1
}
