// !$*UTF8*$!
{
	archiveVersion = 1;
	classes = {
	};
	objectVersion = 52;
	objects = {

/* Begin PBXBuildFile section */
		C33DFAC8261F1B4100132010 /* Environment.swift in Sources */ = {isa = PBXBuildFile; fileRef = C33DFAC7261F1B4100132010 /* Environment.swift */; };
		C3511D5D26EF6044004B9155 /* AppFeature in Frameworks */ = {isa = PBXBuildFile; productRef = C3511D5C26EF6044004B9155 /* AppFeature */; };
		C3E50CA0261B5DFA00285977 /* Addame.swift in Sources */ = {isa = PBXBuildFile; fileRef = C3E50C9F261B5DFA00285977 /* Addame.swift */; };
		C3E50CA4261B5DFF00285977 /* Assets.xcassets in Resources */ = {isa = PBXBuildFile; fileRef = C3E50CA3261B5DFF00285977 /* Assets.xcassets */; };
		C3E50CA7261B5DFF00285977 /* Preview Assets.xcassets in Resources */ = {isa = PBXBuildFile; fileRef = C3E50CA6261B5DFF00285977 /* Preview Assets.xcassets */; };
/* End PBXBuildFile section */

/* Begin PBXFileReference section */
		C33DFABA261F1A9700132010 /* ProductionCI.xcconfig */ = {isa = PBXFileReference; fileEncoding = 4; lastKnownFileType = text.xcconfig; path = ProductionCI.xcconfig; sourceTree = "<group>"; };
		C33DFABB261F1A9700132010 /* Production.xcconfig */ = {isa = PBXFileReference; fileEncoding = 4; lastKnownFileType = text.xcconfig; path = Production.xcconfig; sourceTree = "<group>"; };
		C33DFABC261F1A9700132010 /* DevelopmentCI.xcconfig */ = {isa = PBXFileReference; fileEncoding = 4; lastKnownFileType = text.xcconfig; path = DevelopmentCI.xcconfig; sourceTree = "<group>"; };
		C33DFABD261F1A9700132010 /* Development.xcconfig */ = {isa = PBXFileReference; fileEncoding = 4; lastKnownFileType = text.xcconfig; path = Development.xcconfig; sourceTree = "<group>"; };
		C33DFAC7261F1B4100132010 /* Environment.swift */ = {isa = PBXFileReference; fileEncoding = 4; lastKnownFileType = sourcecode.swift; path = Environment.swift; sourceTree = "<group>"; };
		C368D338287DB14E004035EC /* Addame.entitlements */ = {isa = PBXFileReference; lastKnownFileType = text.plist.entitlements; path = Addame.entitlements; sourceTree = "<group>"; };
		C3E50C9C261B5DFA00285977 /* Addame.app */ = {isa = PBXFileReference; explicitFileType = wrapper.application; includeInIndex = 0; path = Addame.app; sourceTree = BUILT_PRODUCTS_DIR; };
		C3E50C9F261B5DFA00285977 /* Addame.swift */ = {isa = PBXFileReference; lastKnownFileType = sourcecode.swift; path = Addame.swift; sourceTree = "<group>"; };
		C3E50CA3261B5DFF00285977 /* Assets.xcassets */ = {isa = PBXFileReference; lastKnownFileType = folder.assetcatalog; path = Assets.xcassets; sourceTree = "<group>"; };
		C3E50CA6261B5DFF00285977 /* Preview Assets.xcassets */ = {isa = PBXFileReference; lastKnownFileType = folder.assetcatalog; path = "Preview Assets.xcassets"; sourceTree = "<group>"; };
		C3E50CA8261B5DFF00285977 /* Info.plist */ = {isa = PBXFileReference; lastKnownFileType = text.plist.xml; path = Info.plist; sourceTree = "<group>"; };
/* End PBXFileReference section */

/* Begin PBXFrameworksBuildPhase section */
		C3E50C99261B5DFA00285977 /* Frameworks */ = {
			isa = PBXFrameworksBuildPhase;
			buildActionMask = 2147483647;
			files = (
				C3511D5D26EF6044004B9155 /* AppFeature in Frameworks */,
			);
			runOnlyForDeploymentPostprocessing = 0;
		};
/* End PBXFrameworksBuildPhase section */

/* Begin PBXGroup section */
		C33DFAB9261F1A7A00132010 /* Configs */ = {
			isa = PBXGroup;
			children = (
				C33DFAC7261F1B4100132010 /* Environment.swift */,
				C33DFABD261F1A9700132010 /* Development.xcconfig */,
				C33DFABC261F1A9700132010 /* DevelopmentCI.xcconfig */,
				C33DFABB261F1A9700132010 /* Production.xcconfig */,
				C33DFABA261F1A9700132010 /* ProductionCI.xcconfig */,
			);
			path = Configs;
			sourceTree = "<group>";
		};
		C3E50C93261B5DFA00285977 = {
			isa = PBXGroup;
			children = (
				C3E50C9E261B5DFA00285977 /* Addame */,
				C3E50C9D261B5DFA00285977 /* Products */,
				C3E50CC2261C4E2900285977 /* Frameworks */,
			);
			sourceTree = "<group>";
		};
		C3E50C9D261B5DFA00285977 /* Products */ = {
			isa = PBXGroup;
			children = (
				C3E50C9C261B5DFA00285977 /* Addame.app */,
			);
			name = Products;
			sourceTree = "<group>";
		};
		C3E50C9E261B5DFA00285977 /* Addame */ = {
			isa = PBXGroup;
			children = (
				C368D338287DB14E004035EC /* Addame.entitlements */,
				C33DFAB9261F1A7A00132010 /* Configs */,
				C3E50C9F261B5DFA00285977 /* Addame.swift */,
				C3E50CA3261B5DFF00285977 /* Assets.xcassets */,
				C3E50CA8261B5DFF00285977 /* Info.plist */,
				C3E50CA5261B5DFF00285977 /* Preview Content */,
			);
			path = Addame;
			sourceTree = "<group>";
		};
		C3E50CA5261B5DFF00285977 /* Preview Content */ = {
			isa = PBXGroup;
			children = (
				C3E50CA6261B5DFF00285977 /* Preview Assets.xcassets */,
			);
			path = "Preview Content";
			sourceTree = "<group>";
		};
		C3E50CC2261C4E2900285977 /* Frameworks */ = {
			isa = PBXGroup;
			children = (
			);
			name = Frameworks;
			sourceTree = "<group>";
		};
/* End PBXGroup section */

/* Begin PBXNativeTarget section */
		C3E50C9B261B5DFA00285977 /* Addame */ = {
			isa = PBXNativeTarget;
			buildConfigurationList = C3E50CAB261B5DFF00285977 /* Build configuration list for PBXNativeTarget "Addame" */;
			buildPhases = (
				C3E50C98261B5DFA00285977 /* Sources */,
				C3E50C99261B5DFA00285977 /* Frameworks */,
				C3E50C9A261B5DFA00285977 /* Resources */,
				C36C678E26E3FC9A007CC94D /* swift-format */,
				C36AE8D826E8ABD6002FFF84 /* SwiftLint */,
				C39CB4FF26EF597C004BC15F /* ShellScript */,
			);
			buildRules = (
			);
			dependencies = (
			);
			name = Addame;
			packageProductDependencies = (
				C3511D5C26EF6044004B9155 /* AppFeature */,
			);
			productName = TComposableAAddaMe;
			productReference = C3E50C9C261B5DFA00285977 /* Addame.app */;
			productType = "com.apple.product-type.application";
		};
/* End PBXNativeTarget section */

/* Begin PBXProject section */
		C3E50C94261B5DFA00285977 /* Project object */ = {
			isa = PBXProject;
			attributes = {
				LastSwiftUpdateCheck = 1240;
				LastUpgradeCheck = 1240;
				TargetAttributes = {
					C3E50C9B261B5DFA00285977 = {
						CreatedOnToolsVersion = 12.4;
					};
				};
			};
			buildConfigurationList = C3E50C97261B5DFA00285977 /* Build configuration list for PBXProject "Addame" */;
			compatibilityVersion = "Xcode 9.3";
			developmentRegion = en;
			hasScannedForEncodings = 0;
			knownRegions = (
				en,
				Base,
			);
			mainGroup = C3E50C93261B5DFA00285977;
			productRefGroup = C3E50C9D261B5DFA00285977 /* Products */;
			projectDirPath = "";
			projectRoot = "";
			targets = (
				C3E50C9B261B5DFA00285977 /* Addame */,
			);
		};
/* End PBXProject section */

/* Begin PBXResourcesBuildPhase section */
		C3E50C9A261B5DFA00285977 /* Resources */ = {
			isa = PBXResourcesBuildPhase;
			buildActionMask = 2147483647;
			files = (
				C3E50CA7261B5DFF00285977 /* Preview Assets.xcassets in Resources */,
				C3E50CA4261B5DFF00285977 /* Assets.xcassets in Resources */,
			);
			runOnlyForDeploymentPostprocessing = 0;
		};
/* End PBXResourcesBuildPhase section */

/* Begin PBXShellScriptBuildPhase section */
		C36AE8D826E8ABD6002FFF84 /* SwiftLint */ = {
			isa = PBXShellScriptBuildPhase;
			buildActionMask = 2147483647;
			files = (
			);
			inputFileListPaths = (
			);
			inputPaths = (
			);
			name = SwiftLint;
			outputFileListPaths = (
			);
			outputPaths = (
			);
			runOnlyForDeploymentPostprocessing = 0;
			shellPath = /bin/sh;
			shellScript = "# Type a script or drag a script file from your workspace to insert its path.\n#if [ -z \"$CI\" ]; then\n#  swiftlint --fix --config \".swiftlint.yml\" && swiftlint\n#fi\n\n#if which swiftlint >/dev/null; then\n#  swiftlint --fix --config \".swiftlint.yml\" && swiftlint\n#else\n#  echo \"warning: SwiftLint not installed, download from https://github.com/realm/SwiftLint\"\n#fi\n\n";
		};
		C36C678E26E3FC9A007CC94D /* swift-format */ = {
			isa = PBXShellScriptBuildPhase;
			buildActionMask = 2147483647;
			files = (
			);
			inputFileListPaths = (
			);
			inputPaths = (
			);
			name = "swift-format";
			outputFileListPaths = (
			);
			outputPaths = (
			);
			runOnlyForDeploymentPostprocessing = 0;
			shellPath = /bin/sh;
			shellScript = "# Type a script or drag a script file from your workspace to insert its path.\n#if which swift-format >/dev/null; then\n #   swift-format -m format -i -r ${PROJECT_DIR}\n  #  swift-format -m lint -r ${PROJECT_DIR}\n#else\n #   echo \"warning: swift-format not installed\"\n#fi\n";
		};
		C39CB4FF26EF597C004BC15F /* ShellScript */ = {
			isa = PBXShellScriptBuildPhase;
			buildActionMask = 2147483647;
			files = (
			);
			inputFileListPaths = (
			);
			inputPaths = (
			);
			outputFileListPaths = (
			);
			outputPaths = (
			);
			runOnlyForDeploymentPostprocessing = 0;
			shellPath = /bin/sh;
			shellScript = "# Type a script or drag a script file from your workspace to insert its path.\n";
		};
/* End PBXShellScriptBuildPhase section */

/* Begin PBXSourcesBuildPhase section */
		C3E50C98261B5DFA00285977 /* Sources */ = {
			isa = PBXSourcesBuildPhase;
			buildActionMask = 2147483647;
			files = (
				C3E50CA0261B5DFA00285977 /* Addame.swift in Sources */,
				C33DFAC8261F1B4100132010 /* Environment.swift in Sources */,
			);
			runOnlyForDeploymentPostprocessing = 0;
		};
/* End PBXSourcesBuildPhase section */

/* Begin XCBuildConfiguration section */
		C3C1EE1C26EDFC7E00376AE6 /* Debug Development */ = {
			isa = XCBuildConfiguration;
			baseConfigurationReference = C33DFABD261F1A9700132010 /* Development.xcconfig */;
			buildSettings = {
				ALWAYS_SEARCH_USER_PATHS = NO;
				CLANG_ANALYZER_NONNULL = YES;
				CLANG_ANALYZER_NUMBER_OBJECT_CONVERSION = YES_AGGRESSIVE;
				CLANG_CXX_LANGUAGE_STANDARD = "gnu++14";
				CLANG_CXX_LIBRARY = "libc++";
				CLANG_ENABLE_MODULES = YES;
				CLANG_ENABLE_OBJC_ARC = YES;
				CLANG_ENABLE_OBJC_WEAK = YES;
				CLANG_WARN_BLOCK_CAPTURE_AUTORELEASING = YES;
				CLANG_WARN_BOOL_CONVERSION = YES;
				CLANG_WARN_COMMA = YES;
				CLANG_WARN_CONSTANT_CONVERSION = YES;
				CLANG_WARN_DEPRECATED_OBJC_IMPLEMENTATIONS = YES;
				CLANG_WARN_DIRECT_OBJC_ISA_USAGE = YES_ERROR;
				CLANG_WARN_DOCUMENTATION_COMMENTS = YES;
				CLANG_WARN_EMPTY_BODY = YES;
				CLANG_WARN_ENUM_CONVERSION = YES;
				CLANG_WARN_INFINITE_RECURSION = YES;
				CLANG_WARN_INT_CONVERSION = YES;
				CLANG_WARN_NON_LITERAL_NULL_CONVERSION = YES;
				CLANG_WARN_OBJC_IMPLICIT_RETAIN_SELF = YES;
				CLANG_WARN_OBJC_LITERAL_CONVERSION = YES;
				CLANG_WARN_OBJC_ROOT_CLASS = YES_ERROR;
				CLANG_WARN_QUOTED_INCLUDE_IN_FRAMEWORK_HEADER = YES;
				CLANG_WARN_RANGE_LOOP_ANALYSIS = YES;
				CLANG_WARN_STRICT_PROTOTYPES = YES;
				CLANG_WARN_SUSPICIOUS_MOVE = YES;
				CLANG_WARN_UNGUARDED_AVAILABILITY = YES_AGGRESSIVE;
				CLANG_WARN_UNREACHABLE_CODE = YES;
				CLANG_WARN__DUPLICATE_METHOD_MATCH = YES;
				COPY_PHASE_STRIP = NO;
				DEBUG_INFORMATION_FORMAT = dwarf;
				ENABLE_STRICT_OBJC_MSGSEND = YES;
				ENABLE_TESTABILITY = YES;
				GCC_C_LANGUAGE_STANDARD = gnu11;
				GCC_DYNAMIC_NO_PIC = NO;
				GCC_NO_COMMON_BLOCKS = YES;
				GCC_OPTIMIZATION_LEVEL = 0;
				GCC_PREPROCESSOR_DEFINITIONS = (
					"DEBUG=1",
					"$(inherited)",
				);
				GCC_WARN_64_TO_32_BIT_CONVERSION = YES;
				GCC_WARN_ABOUT_RETURN_TYPE = YES_ERROR;
				GCC_WARN_UNDECLARED_SELECTOR = YES;
				GCC_WARN_UNINITIALIZED_AUTOS = YES_AGGRESSIVE;
				GCC_WARN_UNUSED_FUNCTION = YES;
				GCC_WARN_UNUSED_VARIABLE = YES;
				IPHONEOS_DEPLOYMENT_TARGET = 14.1;
				MTL_ENABLE_DEBUG_INFO = INCLUDE_SOURCE;
				MTL_FAST_MATH = YES;
				ONLY_ACTIVE_ARCH = YES;
				SDKROOT = iphoneos;
				SWIFT_ACTIVE_COMPILATION_CONDITIONS = DEBUG;
				SWIFT_OPTIMIZATION_LEVEL = "-Onone";
				SWIFT_VERSION = 5.0;
			};
			name = "Debug Development";
		};
		C3C1EE1D26EDFC7E00376AE6 /* Debug Development */ = {
			isa = XCBuildConfiguration;
			baseConfigurationReference = C33DFABD261F1A9700132010 /* Development.xcconfig */;
			buildSettings = {
				ASSETCATALOG_COMPILER_APPICON_NAME = AppIcon;
				ASSETCATALOG_COMPILER_GLOBAL_ACCENT_COLOR_NAME = AccentColor;
				CODE_SIGN_ENTITLEMENTS = Addame/Addame.entitlements;
				CODE_SIGN_IDENTITY = "Apple Development";
				CODE_SIGN_STYLE = Automatic;
				CURRENT_PROJECT_VERSION = 22;
				DEVELOPMENT_ASSET_PATHS = "\"Addame/Preview Content\"";
				DEVELOPMENT_TEAM = 6989658CU5;
				ENABLE_PREVIEWS = YES;
				INFOPLIST_FILE = AddaMe/Info.plist;
				IPHONEOS_DEPLOYMENT_TARGET = 14.0;
				LD_RUNPATH_SEARCH_PATHS = (
					"$(inherited)",
					"@executable_path/Frameworks",
				);
				MARKETING_VERSION = 1.2.6;
				PRODUCT_BUNDLE_IDENTIFIER = com.addame.AddaMeIOS;
				PRODUCT_NAME = "$(TARGET_NAME)";
				PROVISIONING_PROFILE_SPECIFIER = "";
				SWIFT_VERSION = 5.0;
				TARGETED_DEVICE_FAMILY = "1,2";
				VERSIONING_SYSTEM = "apple-generic";
			};
			name = "Debug Development";
		};
		C3E50CA9261B5DFF00285977 /* Debug CI */ = {
			isa = XCBuildConfiguration;
			baseConfigurationReference = C33DFABC261F1A9700132010 /* DevelopmentCI.xcconfig */;
			buildSettings = {
				ALWAYS_SEARCH_USER_PATHS = NO;
				CLANG_ANALYZER_NONNULL = YES;
				CLANG_ANALYZER_NUMBER_OBJECT_CONVERSION = YES_AGGRESSIVE;
				CLANG_CXX_LANGUAGE_STANDARD = "gnu++14";
				CLANG_CXX_LIBRARY = "libc++";
				CLANG_ENABLE_MODULES = YES;
				CLANG_ENABLE_OBJC_ARC = YES;
				CLANG_ENABLE_OBJC_WEAK = YES;
				CLANG_WARN_BLOCK_CAPTURE_AUTORELEASING = YES;
				CLANG_WARN_BOOL_CONVERSION = YES;
				CLANG_WARN_COMMA = YES;
				CLANG_WARN_CONSTANT_CONVERSION = YES;
				CLANG_WARN_DEPRECATED_OBJC_IMPLEMENTATIONS = YES;
				CLANG_WARN_DIRECT_OBJC_ISA_USAGE = YES_ERROR;
				CLANG_WARN_DOCUMENTATION_COMMENTS = YES;
				CLANG_WARN_EMPTY_BODY = YES;
				CLANG_WARN_ENUM_CONVERSION = YES;
				CLANG_WARN_INFINITE_RECURSION = YES;
				CLANG_WARN_INT_CONVERSION = YES;
				CLANG_WARN_NON_LITERAL_NULL_CONVERSION = YES;
				CLANG_WARN_OBJC_IMPLICIT_RETAIN_SELF = YES;
				CLANG_WARN_OBJC_LITERAL_CONVERSION = YES;
				CLANG_WARN_OBJC_ROOT_CLASS = YES_ERROR;
				CLANG_WARN_QUOTED_INCLUDE_IN_FRAMEWORK_HEADER = YES;
				CLANG_WARN_RANGE_LOOP_ANALYSIS = YES;
				CLANG_WARN_STRICT_PROTOTYPES = YES;
				CLANG_WARN_SUSPICIOUS_MOVE = YES;
				CLANG_WARN_UNGUARDED_AVAILABILITY = YES_AGGRESSIVE;
				CLANG_WARN_UNREACHABLE_CODE = YES;
				CLANG_WARN__DUPLICATE_METHOD_MATCH = YES;
				COPY_PHASE_STRIP = NO;
				DEBUG_INFORMATION_FORMAT = dwarf;
				ENABLE_STRICT_OBJC_MSGSEND = YES;
				ENABLE_TESTABILITY = YES;
				GCC_C_LANGUAGE_STANDARD = gnu11;
				GCC_DYNAMIC_NO_PIC = NO;
				GCC_NO_COMMON_BLOCKS = YES;
				GCC_OPTIMIZATION_LEVEL = 0;
				GCC_PREPROCESSOR_DEFINITIONS = (
					"DEBUG=1",
					"$(inherited)",
				);
				GCC_WARN_64_TO_32_BIT_CONVERSION = YES;
				GCC_WARN_ABOUT_RETURN_TYPE = YES_ERROR;
				GCC_WARN_UNDECLARED_SELECTOR = YES;
				GCC_WARN_UNINITIALIZED_AUTOS = YES_AGGRESSIVE;
				GCC_WARN_UNUSED_FUNCTION = YES;
				GCC_WARN_UNUSED_VARIABLE = YES;
				IPHONEOS_DEPLOYMENT_TARGET = 14.1;
				MTL_ENABLE_DEBUG_INFO = INCLUDE_SOURCE;
				MTL_FAST_MATH = YES;
				ONLY_ACTIVE_ARCH = YES;
				SDKROOT = iphoneos;
				SWIFT_ACTIVE_COMPILATION_CONDITIONS = DEBUG;
				SWIFT_OPTIMIZATION_LEVEL = "-Onone";
				SWIFT_VERSION = 5.0;
			};
			name = "Debug CI";
		};
		C3E50CAA261B5DFF00285977 /* Release */ = {
			isa = XCBuildConfiguration;
			baseConfigurationReference = C33DFABB261F1A9700132010 /* Production.xcconfig */;
			buildSettings = {
				ALWAYS_SEARCH_USER_PATHS = NO;
				CLANG_ANALYZER_NONNULL = YES;
				CLANG_ANALYZER_NUMBER_OBJECT_CONVERSION = YES_AGGRESSIVE;
				CLANG_CXX_LANGUAGE_STANDARD = "gnu++14";
				CLANG_CXX_LIBRARY = "libc++";
				CLANG_ENABLE_MODULES = YES;
				CLANG_ENABLE_OBJC_ARC = YES;
				CLANG_ENABLE_OBJC_WEAK = YES;
				CLANG_WARN_BLOCK_CAPTURE_AUTORELEASING = YES;
				CLANG_WARN_BOOL_CONVERSION = YES;
				CLANG_WARN_COMMA = YES;
				CLANG_WARN_CONSTANT_CONVERSION = YES;
				CLANG_WARN_DEPRECATED_OBJC_IMPLEMENTATIONS = YES;
				CLANG_WARN_DIRECT_OBJC_ISA_USAGE = YES_ERROR;
				CLANG_WARN_DOCUMENTATION_COMMENTS = YES;
				CLANG_WARN_EMPTY_BODY = YES;
				CLANG_WARN_ENUM_CONVERSION = YES;
				CLANG_WARN_INFINITE_RECURSION = YES;
				CLANG_WARN_INT_CONVERSION = YES;
				CLANG_WARN_NON_LITERAL_NULL_CONVERSION = YES;
				CLANG_WARN_OBJC_IMPLICIT_RETAIN_SELF = YES;
				CLANG_WARN_OBJC_LITERAL_CONVERSION = YES;
				CLANG_WARN_OBJC_ROOT_CLASS = YES_ERROR;
				CLANG_WARN_QUOTED_INCLUDE_IN_FRAMEWORK_HEADER = YES;
				CLANG_WARN_RANGE_LOOP_ANALYSIS = YES;
				CLANG_WARN_STRICT_PROTOTYPES = YES;
				CLANG_WARN_SUSPICIOUS_MOVE = YES;
				CLANG_WARN_UNGUARDED_AVAILABILITY = YES_AGGRESSIVE;
				CLANG_WARN_UNREACHABLE_CODE = YES;
				CLANG_WARN__DUPLICATE_METHOD_MATCH = YES;
				COPY_PHASE_STRIP = NO;
				DEBUG_INFORMATION_FORMAT = "dwarf-with-dsym";
				ENABLE_NS_ASSERTIONS = NO;
				ENABLE_STRICT_OBJC_MSGSEND = YES;
				GCC_C_LANGUAGE_STANDARD = gnu11;
				GCC_NO_COMMON_BLOCKS = YES;
				GCC_OPTIMIZATION_LEVEL = 0;
				GCC_WARN_64_TO_32_BIT_CONVERSION = YES;
				GCC_WARN_ABOUT_RETURN_TYPE = YES_ERROR;
				GCC_WARN_UNDECLARED_SELECTOR = YES;
				GCC_WARN_UNINITIALIZED_AUTOS = YES_AGGRESSIVE;
				GCC_WARN_UNUSED_FUNCTION = YES;
				GCC_WARN_UNUSED_VARIABLE = YES;
				IPHONEOS_DEPLOYMENT_TARGET = 14.1;
				MTL_ENABLE_DEBUG_INFO = NO;
				MTL_FAST_MATH = YES;
				SDKROOT = iphoneos;
				SWIFT_COMPILATION_MODE = wholemodule;
				SWIFT_OPTIMIZATION_LEVEL = "-O";
				SWIFT_VERSION = 5.0;
				VALIDATE_PRODUCT = YES;
			};
			name = Release;
		};
		C3E50CAC261B5DFF00285977 /* Debug CI */ = {
			isa = XCBuildConfiguration;
			baseConfigurationReference = C33DFABC261F1A9700132010 /* DevelopmentCI.xcconfig */;
			buildSettings = {
				ASSETCATALOG_COMPILER_APPICON_NAME = AppIcon;
				ASSETCATALOG_COMPILER_GLOBAL_ACCENT_COLOR_NAME = AccentColor;
				CODE_SIGN_ENTITLEMENTS = Addame/Addame.entitlements;
				CODE_SIGN_IDENTITY = "Apple Development";
				CODE_SIGN_STYLE = Automatic;
				CURRENT_PROJECT_VERSION = 22;
				DEVELOPMENT_ASSET_PATHS = "\"Addame/Preview Content\"";
				DEVELOPMENT_TEAM = 6989658CU5;
				ENABLE_PREVIEWS = YES;
				INFOPLIST_FILE = AddaMe/Info.plist;
				IPHONEOS_DEPLOYMENT_TARGET = 14.0;
				LD_RUNPATH_SEARCH_PATHS = (
					"$(inherited)",
					"@executable_path/Frameworks",
				);
				MARKETING_VERSION = 1.2.6;
				PRODUCT_BUNDLE_IDENTIFIER = com.addame.AddaMeIOS;
				PRODUCT_NAME = "$(TARGET_NAME)";
				PROVISIONING_PROFILE_SPECIFIER = "";
				SWIFT_VERSION = 5.0;
				TARGETED_DEVICE_FAMILY = "1,2";
				VERSIONING_SYSTEM = "apple-generic";
			};
			name = "Debug CI";
		};
		C3E50CAD261B5DFF00285977 /* Release */ = {
			isa = XCBuildConfiguration;
			baseConfigurationReference = C33DFABB261F1A9700132010 /* Production.xcconfig */;
			buildSettings = {
				ASSETCATALOG_COMPILER_APPICON_NAME = AppIcon;
				ASSETCATALOG_COMPILER_GLOBAL_ACCENT_COLOR_NAME = AccentColor;
				CODE_SIGN_ENTITLEMENTS = Addame/Addame.entitlements;
				CODE_SIGN_IDENTITY = "Apple Development";
				CODE_SIGN_STYLE = Automatic;
				CURRENT_PROJECT_VERSION = 22;
				DEVELOPMENT_ASSET_PATHS = "\"Addame/Preview Content\"";
				DEVELOPMENT_TEAM = 6989658CU5;
				ENABLE_PREVIEWS = YES;
				INFOPLIST_FILE = AddaMe/Info.plist;
				IPHONEOS_DEPLOYMENT_TARGET = 14.0;
				LD_RUNPATH_SEARCH_PATHS = (
					"$(inherited)",
					"@executable_path/Frameworks",
				);
				MARKETING_VERSION = 1.2.6;
				PRODUCT_BUNDLE_IDENTIFIER = com.addame.AddaMeIOS;
				PRODUCT_NAME = "$(TARGET_NAME)";
				PROVISIONING_PROFILE_SPECIFIER = "";
				SWIFT_VERSION = 5.0;
				TARGETED_DEVICE_FAMILY = "1,2";
				VERSIONING_SYSTEM = "apple-generic";
			};
			name = Release;
		};
/* End XCBuildConfiguration section */

/* Begin XCConfigurationList section */
		C3E50C97261B5DFA00285977 /* Build configuration list for PBXProject "Addame" */ = {
			isa = XCConfigurationList;
			buildConfigurations = (
				C3E50CA9261B5DFF00285977 /* Debug CI */,
				C3C1EE1C26EDFC7E00376AE6 /* Debug Development */,
				C3E50CAA261B5DFF00285977 /* Release */,
			);
			defaultConfigurationIsVisible = 0;
			defaultConfigurationName = Release;
		};
		C3E50CAB261B5DFF00285977 /* Build configuration list for PBXNativeTarget "Addame" */ = {
			isa = XCConfigurationList;
			buildConfigurations = (
				C3E50CAC261B5DFF00285977 /* Debug CI */,
				C3C1EE1D26EDFC7E00376AE6 /* Debug Development */,
				C3E50CAD261B5DFF00285977 /* Release */,
			);
			defaultConfigurationIsVisible = 0;
			defaultConfigurationName = Release;
		};
/* End XCConfigurationList section */

/* Begin XCSwiftPackageProductDependency section */
		C3511D5C26EF6044004B9155 /* AppFeature */ = {
			isa = XCSwiftPackageProductDependency;
			productName = AppFeature;
		};
/* End XCSwiftPackageProductDependency section */
	};
	rootObject = C3E50C94261B5DFA00285977 /* Project object */;
}
